
Microsoft Visual Studio Solution File, Format Version 12.00
Project("{FAE04EC0-301F-11D3-BF4B-00C04F79EFBC}") = "Lab5_AmrahGulusoy", "Lab5_AmrahGulusoy\Lab5_AmrahGulusoy.csproj", "{99307367-BE53-464A-9FD6-90E366EB8D40}"
EndProject
Global
	GlobalSection(SolutionConfigurationPlatforms) = preSolution
		Debug|Any CPU = Debug|Any CPU
		Release|Any CPU = Release|Any CPU
	EndGlobalSection
	GlobalSection(ProjectConfigurationPlatforms) = postSolution
		{99307367-BE53-464A-9FD6-90E366EB8D40}.Debug|Any CPU.ActiveCfg = Debug|Any CPU
		{99307367-BE53-464A-9FD6-90E366EB8D40}.Debug|Any CPU.Build.0 = Debug|Any CPU
		{99307367-BE53-464A-9FD6-90E366EB8D40}.Release|Any CPU.ActiveCfg = Release|Any CPU
		{99307367-BE53-464A-9FD6-90E366EB8D40}.Release|Any CPU.Build.0 = Release|Any CPU
	EndGlobalSection
EndGlobal
